// !$UTF8$!
{
  archiveVersion = 1;
  classes = {};
  objectVersion = 55;
  objects = {

    /* Begin PBXProject section */
    1D60588F0D05DD3D006BFB54 /* Project object */ = {
      isa = PBXProject;
      attributes = {
        LastUpgradeCheck = 1420;
        ORGANIZATIONNAME = "ccaiozzig45";
        TargetAttributes = {
          1D6058900D05DD3E006BFB54 = {
            CreatedOnToolsVersion = "14.2";
          };
        };
      };
      buildConfigurationList = 1D6058910D05DD3E006BFB54 /* Build configuration list for PBXProject "Runner" */;
      compatibilityVersion = "Xcode 12.0";
      developmentRegion = en;
      hasScannedForEncodings = 0;
      knownRegions = (
        en,
        Base,
      );
      mainGroup = 1D60588E0D05DD3D006BFB54;
      productRefGroup = 1D60588E0D05DD3D006BFB54;
      projectDirPath = "";
      projectRoot = "";
      targets = (
        1D6058900D05DD3E006BFB54,
      );
    };
    /* End PBXProject section */

    /* Begin PBXGroup section */
    1D60588E0D05DD3D006BFB54 = {
      isa = PBXGroup;
      children = (
        1D60588C0D05DD3D006BFB54 /* main.swift */,
      );
      path = Runner;
      sourceTree = "<group>";
    };
    /* End PBXGroup section */

    /* Begin PBXFileReference section */
    1D60588C0D05DD3D006BFB54 = {
      isa = PBXFileReference;
      lastKnownFileType = sourcecode.swift;
      path = main.swift;
      sourceTree = "<group>";
    };
    /* End PBXFileReference section */

    /* Begin PBXBuildFile section */
    1D60588D0D05DD3D006BFB54 = {
      isa = PBXBuildFile;
      fileRef = 1D60588C0D05DD3D006BFB54;
    };
    /* End PBXBuildFile section */

    /* Begin PBXNativeTarget section */
    1D6058900D05DD3E006BFB54 = {
      isa = PBXNativeTarget;
      buildConfigurationList = 1D6058910D05DD3E006BFB54;
      buildPhases = ();
      buildRules = ();
      dependencies = ();
      name = "Runner";
      productName = "Runner";
      productType = "com.apple.product-type.application";
    };
    /* End PBXNativeTarget section */

    /* Begin XCConfigurationList section */
    1D6058910D05DD3E006BFB54 = {
      isa = XCConfigurationList;
      buildConfigurations = ();
      defaultConfigurationIsVisible = 0;
      defaultConfigurationName = Release;
    };
    /* End XCConfigurationList section */

  };
  rootObject = 1D60588F0D05DD3D006BFB54 /* Project object */;
}
